lockfileVersion: '.'

settings:
  autoInstallPeers: true
  excludeLinksFromLockfile: false

devDependencies:
  '@sveltejs/vite-plugin-svelte':
    specifier: ^..
    version: ..(svelte@..)(vite@..)
  '@tsconfig/svelte':
    specifier: ^..
    version: ..
  svelte:
    specifier: ^..
    version: ..
  svelte-check:
    specifier: ^..
    version: ..(svelte@..)
  tslib:
    specifier: ^..
    version: ..
  typescript:
    specifier: ^..
    version: ..
  vite:
    specifier: ^..
    version: ..

packages:

  /@ampproject/remapping@..:
    resolution: {integrity: sha-lFMjJTrFLjLyBxwYfCqkqqwHyzuUl/XBnifPWTJYyL/dfowQHWEspUZzqWiiIZnpTMOzhkjwtg==}
    engines: {node: '>=..'}
    dependencies:
      '@jridgewell/gen-mapping': ..
      '@jridgewell/trace-mapping': ..
    dev: true

  /@esbuild/android-arm@..:
    resolution: {integrity: sha-NzrJcchGDtENVeMKUNaLzzzBDXuhj/VjhzGqBBiMBMSXjgunJgjRhCmKOjnPuZpMbOKqtMHLQ==}
    engines: {node: '>='}
    cpu: [arm]
    os: [android]
    requiresBuild: true
    dev: true
    optional: true

  /@esbuild/android-arm@..:
    resolution: {integrity: sha-fyiTDI/ijKKNZTUJAQqiGTYjJXgnzkURqmGjCdCqckZBLdlhbkhHt/tWP+zO/zwroDvANaOqOSw==}
    engines: {node: '>='}
    cpu: [arm]
    os: [android]
    requiresBuild: true
    dev: true
    optional: true

  /@esbuild/android-x@..:
    resolution: {integrity: sha-GDdlePJADzlZYJV/jnrRAirOiNaCC/JclcXpB+KIuvfBNowLtgzYbsxnxXjJxkDPUmnTtRqKQUg==}
    engines: {node: '>='}
    cpu: [x]
    os: [android]
    requiresBuild: true
    dev: true
    optional: true

  /@esbuild/darwin-arm@..:
    resolution: {integrity: sha-bxRHWkHUzSlPTPOyuyTm+S+eobPUnTNkdJEfAddYgEcllxkTDBdDtTbluJagHuENZAZgnNEA==}
    engines: {node: '>='}
    cpu: [arm]
    os: [darwin]
    requiresBuild: true
    dev: true
    optional: true

  /@esbuild/darwin-x@..:
    resolution: {integrity: sha-pcgxlMDxzmqPGbCbDukOdsGtKhfxDzJKXjCCcUjuOMeAZckrSJcOIJGFR+qxyMMVYwiQvyTyQ==}
    engines: {node: '>='}
    cpu: [x]
    os: [darwin]
    requiresBuild: true
    dev: true
    optional: true

  /@esbuild/freebsd-arm@..:
    resolution: {integrity: sha-yqDQHyQHevpMAaxhhIwYPMvNECwOvIpGCZkECnwWFHXjEwrBnCeNIYsibZ/iZEUemj++MWcNRh+Tw==}
    engines: {node: '>='}
    cpu: [arm]
    os: [freebsd]
    requiresBuild: true
    dev: true
    optional: true

  /@esbuild/freebsd-x@..:
    resolution: {integrity: sha-tgWRPPuQsdRmBZwarGVHZQvtzfEBOreNuxEMKFcdDaDnPbBxfwLcj+aenohctXcbXmOQInHImCSwMQ==}
    engines: {node: '>='}
    cpu: [x]
    os: [freebsd]
    requiresBuild: true
    dev: true
    optional: true

  /@esbuild/linux-arm@..:
    resolution: {integrity: sha-YbscF+ULSQAVIpnWvYwM+LskyDmPhepE/aoTMFKKzIclLbyGUpmmbaAixOLsQ/mFhjEjHYFvdA==}
    engines: {node: '>='}
    cpu: [arm]
    os: [linux]
    requiresBuild: true
    dev: true
    optional: true

  /@esbuild/linux-arm@..:
    resolution: {integrity: sha-/bHkMWnqEgKrV+YbzshWXokmDFUMQcGAfWwLPSZikFpYKrptDsgbWAJIvRcDm+qIvXf/apvg==}
    engines: {node: '>='}
    cpu: [arm]
    os: [linux]
    requiresBuild: true
    dev: true
    optional: true

  /@esbuild/linux-ia@..:
    resolution: {integrity: sha-PetWwqIsReTEKHUbOnzMHoHaXpFsTITzHuG+SHSwiisWrDnbxqoyUqACgdfVGxTA==}
    engines: {node: '>='}
    cpu: [ia]
    os: [linux]
    requiresBuild: true
    dev: true
    optional: true

  /@esbuild/linux-loong@..:
    resolution: {integrity: sha-nXWnqBTrOpDLPgPYuV+/DjxoQDoBNeocyqIXuqJBiAMDMfnxZMTgWJzrquIb/AsBJvrjg==}
    engines: {node: '>='}
    cpu: [loong]
    os: [linux]
    requiresBuild: true
    dev: true
    optional: true

  /@esbuild/linux-mipsel@..:
    resolution: {integrity: sha-dNeaXZcHpPzYyVnXVVSdDZb+dEqHEbw+NJVPExrAOOPwobntbNJpzCpUFZTowGyetQ==}
    engines: {node: '>='}
    cpu: [mipsel]
    os: [linux]
    requiresBuild: true
    dev: true
    optional: true

  /@esbuild/linux-ppc@..:
    resolution: {integrity: sha-WHPyeScRNcmANnLQkqAfyXRFrDNsKgkFoFqguPNweyDlbTdZwdGYkDZGQItIiTlFLHJHjxPFA==}
    engines: {node: '>='}
    cpu: [ppc]
    os: [linux]
    requiresBuild: true
    dev: true
    optional: true

  /@esbuild/linux-riscv@..:
    resolution: {integrity: sha-WSxohecIXHKCwveNnKkjuzBRLEQNYmvmtBmrP/MjNBCAlsMuhDBlSNGcTQpoBvRzqBcRtpqA==}
    engines: {node: '>='}
    cpu: [riscv]
    os: [linux]
    requiresBuild: true
    dev: true
    optional: true

  /@esbuild/linux-sx@..:
    resolution: {integrity: sha-+GMsmAEthJaiKasQohfcpzpRLHuuc/KVDFneHjtAJLFGafpzpMRODzJAvXKzeLfFMrIHVQ==}
    engines: {node: '>='}
    cpu: [sx]
    os: [linux]
    requiresBuild: true
    dev: true
    optional: true

  /@esbuild/linux-x@..:
    resolution: {integrity: sha-UYqiqemphJcNsFEskcjQBjgwjWrSayxawSUVFZGWrAAtkzjxSqnoclCXxWtfwLdzU+vTpcNYhpnuPw==}
    engines: {node: '>='}
    cpu: [x]
    os: [linux]
    requiresBuild: true
    dev: true
    optional: true

  /@esbuild/netbsd-x@..:
    resolution: {integrity: sha-iOc++VPxUBUmltHZoMtCUdPlnPGdBomIrOgyKPFFVBKioIImVooRInTewUOYrkgIJhbZhXyA==}
    engines: {node: '>='}
    cpu: [x]
    os: [netbsd]
    requiresBuild: true
    dev: true
    optional: true

  /@esbuild/openbsd-x@..:
    resolution: {integrity: sha-eeYSsuQfXcxcygw/UCPIEPwbIL+sesxPdCiMbFLBWueiZOJWoD+ptCLrmjZBKWkID/INglUGOxg==}
    engines: {node: '>='}
    cpu: [x]
    os: [openbsd]
    requiresBuild: true
    dev: true
    optional: true

  /@esbuild/sunos-x@..:
    resolution: {integrity: sha-kDbFRFpYpTQVVrqUdFTYmWozGaXeXEG/LKFCvxvWrhOWSLITcCnlmZIxfOMXtCfti/RxN/wnQ==}
    engines: {node: '>='}
    cpu: [x]
    os: [sunos]
    requiresBuild: true
    dev: true
    optional: true

  /@esbuild/win-arm@..:
    resolution: {integrity: sha-ddYFRItYgoaqvJmQQaAIsnpztfVAgNrhiaWRrnOXqBkgwZLofVTlqdaVTQNhtIoieTvkRPfZrePg==}
    engines: {node: '>='}
    cpu: [arm]
    os: [win]
    requiresBuild: true
    dev: true
    optional: true

  /@esbuild/win-ia@..:
    resolution: {integrity: sha-WvQBiID/rROTSABTSeVhXsVduqDOTeMvGMjNdEjOzbzeexIRGTIEKrfJXKLLFxTYgkyeug==}
    engines: {node: '>='}
    cpu: [ia]
    os: [win]
    requiresBuild: true
    dev: true
    optional: true

  /@esbuild/win-x@..:
    resolution: {integrity: sha-kTdfRcSiDfQca/yQIkngavJ+NCaQvrMejlsBRRvsErRoeBPISaZpKxHELzRxZyLvNtsPWwV+geQ==}
    engines: {node: '>='}
    cpu: [x]
    os: [win]
    requiresBuild: true
    dev: true
    optional: true

  /@jridgewell/gen-mapping@..:
    resolution: {integrity: sha-HLhSWOLRizjjMG/r+NvoCWumGbBgEhyXdDXegwZtBPqLnjzyedtRStBrzcgaBpnhUADBoQ==}
    engines: {node: '>=..'}
    dependencies:
      '@jridgewell/set-array': ..
      '@jridgewell/sourcemap-codec': ..
      '@jridgewell/trace-mapping': ..
    dev: true

  /@jridgewell/resolve-uri@..:
    resolution: {integrity: sha-dSYZhHhCDtCKmQakXxFpsRDqjjtZf/kjI/vTNwtr/qz/MFySyOqUSXBmeGttTul+YnRLOxFA==}
    engines: {node: '>=..'}
    dev: true

  /@jridgewell/set-array@..:
    resolution: {integrity: sha-xnkseuNADMgtbs+BvhOpMkYnZdsuzFVNoGSjSCQvpSqaXUaTamvAGasABVqXASMKnFMwMw==}
    engines: {node: '>=..'}
    dev: true

  /@jridgewell/sourcemap-codec@..:
    resolution: {integrity: sha-eFrxCRulEKXHTRiDrDyerMYWqNwLPdQUQAhuuxaQsVeRPFloMoDGxMFhJUWZfMcpLtJasDDZb/Bpeg==}
    dev: true

  /@jridgewell/trace-mapping@..:
    resolution: {integrity: sha-kfQtfW+Hwx/buWGMPcRiFziHar/CZJIHbmcm+qrXiVdxegAHFyddEVQzdkjcGCgCzUu+BcbhQxw==}
    dependencies:
      '@jridgewell/resolve-uri': ..
      '@jridgewell/sourcemap-codec': ..
    dev: true

  /@nodelib/fs.scandir@..:
    resolution: {integrity: sha-vqBqymHEQmNKCryXDwjcvTsEThRDnkpDKpuqLR+DHurm/NOToKGHYHUeppKZjMyqYuMBfg==}
    engines: {node: '>= '}
    dependencies:
      '@nodelib/fs.stat': ..
      run-parallel: ..
    dev: true

  /@nodelib/fs.stat@..:
    resolution: {integrity: sha-RkhPPpzrqDAQA/jNhnztcPAlvXdhIpaAovIBukxgtMXudwAuzgDcpPUrzVVSeaqvY+A==}
    engines: {node: '>= '}
    dev: true

  /@nodelib/fs.walk@..:
    resolution: {integrity: sha-oGB+UxlgWcgQkgwoGcEGwemoTFtFIOababBmaGwXIoBKZ+GTypPbeGgLlih/NSHSVXAslnznocSg==}
    engines: {node: '>= '}
    dependencies:
      '@nodelib/fs.scandir': ..
      fastq: ..
    dev: true

  /@sveltejs/vite-plugin-svelte-inspector@..(@sveltejs/vite-plugin-svelte@..)(svelte@..)(vite@..):
    resolution: {integrity: sha-zjiuZyydBtwpFbjkQNVYXe+iKEQGZVTaylWeAzFr+pJ/cwKlZEaRpJtaJXhDDyWAVAxLhDgaQ==}
    engines: {node: ^.. || >= }
    peerDependencies:
      '@sveltejs/vite-plugin-svelte': ^..
      svelte: ^.. || ^..
      vite: ^..
    dependencies:
      '@sveltejs/vite-plugin-svelte': ..(svelte@..)(vite@..)
      debug: ..
      svelte: ..
      vite: ..
    transitivePeerDependencies:
      - supports-color
    dev: true

  /@sveltejs/vite-plugin-svelte@..(svelte@..)(vite@..):
    resolution: {integrity: sha-ePfcCftMKhkTOFGdOyycYKnnkTi/buzey+vHRTR/JpQvuPzzhfPtKqCDQfJRgoPSNvscXsgLigx/zGw==}
    engines: {node: ^.. || >= }
    peerDependencies:
      svelte: ^.. || ^..
      vite: ^..
    dependencies:
      '@sveltejs/vite-plugin-svelte-inspector': ..(@sveltejs/vite-plugin-svelte@..)(svelte@..)(vite@..)
      debug: ..
      deepmerge: ..
      kleur: ..
      magic-string: ..
      svelte: ..
      svelte-hmr: ..(svelte@..)
      vite: ..
      vitefu: ..(vite@..)
    transitivePeerDependencies:
      - supports-color
    dev: true

  /@tsconfig/svelte@..:
    resolution: {integrity: sha-iuBqFjU+OcLTNQpfHeBfzdNeJIZjLZMqWLuGzVFm/xx+lm//TfkoPyRmxo/SnmRRQncRKFw==}
    dev: true

  /@types/estree@..:
    resolution: {integrity: sha-LGopVsANWZTJoKciMmNstM/daevNbnBvBhqCSezgVUOzcLCqbIelVVyWKwKjaqR+zOVKirBBCA==}
    dev: true

  /@types/pug@..:
    resolution: {integrity: sha-SnHmGwNUVmagJOnyo/qkkZgejYxOYYmaAwruyFYfsupNsgkyzNHep/zbHxCnsumxOoRIRMBwKCg==}
    dev: true

  /acorn@..:
    resolution: {integrity: sha-FSAmZiUtS//mDmCTAjlhTDKkHQyKxcVKDTyZKAdnvX/sRTVQrWmglUAZbnmmNcdYwUIHWVybw==}
    engines: {node: '>=..'}
    hasBin: true
    dev: true

  /anymatch@..:
    resolution: {integrity: sha-KMReFUrBt+D+OBkjRKYqvocpXaSzOUcBmgQMdKbcE+mWTyvVVD/zsdEbNnVacZUutkiHQXvTrRw==}
    engines: {node: '>= '}
    dependencies:
      normalize-path: ..
      picomatch: ..
    dev: true

  /aria-query@..:
    resolution: {integrity: sha-bPsZPKtyuHkeRAfCqIfURZK+SuwMjYUXGBUwpAiTwQAIlqIbIO+ytk/JjSfMReeWBBfKiJA==}
    dependencies:
      dequal: ..
    dev: true

  /axobject-query@..:
    resolution: {integrity: sha-jsyHueNVbz/vDHwWYKKbSWLqneeDSKPBmtqMHFYJ+mhIklVteyZrYtnSj/jHOvYiTCuCJgg==}
    dependencies:
      dequal: ..
    dev: true

  /balanced-match@..:
    resolution: {integrity: sha-oSeUOTMVhNAmbXsKyaqUtjiHlbxRDZOpHKW+CeXbRAaXAnxttxMrpRpWwQaPwIlISEJhYUPw==}
    dev: true

  /binary-extensions@..:
    resolution: {integrity: sha-jDctJ/IVQbZoJykoeHbhXpOlNBqGNcwXJKJogEHDPUwQTSdjCHdihjjDlnheQblbTdHOafNAiSooQKA==}
    engines: {node: '>='}
    dev: true

  /brace-expansion@..:
    resolution: {integrity: sha-iCuPHDFgrHXHvEI/xpzzSHBTpugqhmYtVmMOmCuRMoOYFldEBlgufozdaHgWKcYFbqGiA==}
    dependencies:
      balanced-match: ..
      concat-map: ..
    dev: true

  /braces@..:
    resolution: {integrity: sha-bum+LRzMWDSzvhmgIzyfTbBtYTlcEKAvsmqCZZFwzlVjjyEPWHH+lBQpZMPkl+HaA==}
    engines: {node: '>='}
    dependencies:
      fill-range: ..
    dev: true

  /buffer-crc@..:
    resolution: {integrity: sha-VOHt/+pSNSKWqcrgEzjGbRSJYTx+QpTQCwrWqHxvpJraQGtHxtvcgrlKbyhUgccxgOgjBTDkQ==}
    dev: true

  /callsites@..:
    resolution: {integrity: sha-PBjAsXvZS+VIDUIhHCQEvYTYUiJJFNWIqLsBmjX+qxMuvlsivyNENctxxQLQaTuEssaQ==}
    engines: {node: '>='}
    dev: true

  /chokidar@..:
    resolution: {integrity: sha-DrsfKRPoTcjfJmUmFJfeVMvXBdegxBiVQebVuFJUCASOByZdVAyVbxXNzGjjTgjkLWsZTqEkw==}
    engines: {node: '>= ..'}
    dependencies:
      anymatch: ..
      braces: ..
      glob-parent: ..
      is-binary-path: ..
      is-glob: ..
      normalize-path: ..
      readdirp: ..
    optionalDependencies:
      fsevents: ..
    dev: true

  /code-red@..:
    resolution: {integrity: sha-qJWqItLA/VPVlKJlFXU+NBlo/qyfsaJcuMT/ereZqvFOSxgdMxOfJJOggHMyvP+wrNw==}
    dependencies:
      '@jridgewell/sourcemap-codec': ..
      '@types/estree': ..
      acorn: ..
      estree-walker: ..
      periscopic: ..
    dev: true

  /concat-map@..:
    resolution: {integrity: sha-/SrvdswyQNBfohGpzoYbGzSrUDqBHrTuhGRahtlbYKnVxwbCFMRljaAEXHaXZwsHdodFvbkhKmqg==}
    dev: true

  /css-tree@..:
    resolution: {integrity: sha-FvDV/TYw//QFIzQdqsNDjx/wcTrMBZsqjLeWtWbRk/mq+/VXfJClSoDemsJopcOByJZfshYIw==}
    engines: {node: ^ || ^.. || ^.. || >=..}
    dependencies:
      mdn-data: ..
      source-map-js: ..
    dev: true

  /debug@..:
    resolution: {integrity: sha-PRWFHuSUeDtQJPvnNYJcketjtOuOsFzPPzsekDZlqUfFIPEiswXqIvHWGVHOgX+G/vCNNhehwxfkQ==}
    engines: {node: '>=.'}
    peerDependencies:
      supports-color: '*'
    peerDependenciesMeta:
      supports-color:
        optional: true
    dependencies:
      ms: ..
    dev: true

  /deepmerge@..:
    resolution: {integrity: sha-sUqbMEcXqpdNOFRyRog+eWph+GYCbj+rK+uYyRMuwsVyrMiVtPn+QJlKFvWP/PYpapqYnMeknFn+A==}
    engines: {node: '>=..'}
    dev: true

  /dequal@..:
    resolution: {integrity: sha-je+qPKHEMohvfRTCEoCrPGcAzAYgmzKyxRiYSSDkSeGJdyVJmWaYAECaADwLBTEEeymAaFVcYXCA==}
    engines: {node: '>='}
    dev: true

  /detect-indent@..:
    resolution: {integrity: sha-reYkTUJAZbgUuZRvVCNhVHdgRHnJWJlftMidiZNWlciOzQNpUhSELEwflJhtoQDvFBMlwaYtA==}
    engines: {node: '>='}
    dev: true

  /es-promise@..:
    resolution: {integrity: sha-SOpPhqvqnjtEUxPWdWfWoLmytVaJMpvPComyMceMXqEbxvaTuiaxpYYPzhnyLc+M/ccPKlDg==}
    dev: true

  /esbuild@..:
    resolution: {integrity: sha-ceqxoedUrcayhYZXNdbbDzGROiyVBgCPriJThBKSVPWnnFHZAkfIlJTQFkOwHqOSSJkSwvpGlBpA==}
    engines: {node: '>='}
    hasBin: true
    requiresBuild: true
    optionalDependencies:
      '@esbuild/android-arm': ..
      '@esbuild/android-arm': ..
      '@esbuild/android-x': ..
      '@esbuild/darwin-arm': ..
      '@esbuild/darwin-x': ..
      '@esbuild/freebsd-arm': ..
      '@esbuild/freebsd-x': ..
      '@esbuild/linux-arm': ..
      '@esbuild/linux-arm': ..
      '@esbuild/linux-ia': ..
      '@esbuild/linux-loong': ..
      '@esbuild/linux-mipsel': ..
      '@esbuild/linux-ppc': ..
      '@esbuild/linux-riscv': ..
      '@esbuild/linux-sx': ..
      '@esbuild/linux-x': ..
      '@esbuild/netbsd-x': ..
      '@esbuild/openbsd-x': ..
      '@esbuild/sunos-x': ..
      '@esbuild/win-arm': ..
      '@esbuild/win-ia': ..
      '@esbuild/win-x': ..
    dev: true

  /estree-walker@..:
    resolution: {integrity: sha-RUKfXgSMMkztZuXmqapOurLGPPfgjluRZlRGolvkyyoccLdcxKCPQZdnDMqioAQNoWcrTKmmg==}
    dependencies:
      '@types/estree': ..
    dev: true

  /fast-glob@..:
    resolution: {integrity: sha-kNFPyjhhcKjrUltxs+wFx+ZkbRaxxmZ+XZUSOsxCEtPVPgtqteZwDebupLGmDaNQyKMMVcMiqDg==}
    engines: {node: '>=..'}
    dependencies:
      '@nodelib/fs.stat': ..
      '@nodelib/fs.walk': ..
      glob-parent: ..
      merge: ..
      micromatch: ..
    dev: true

  /fastq@..:
    resolution: {integrity: sha-wBrocULCXXa+lWBtRoIRDFiOdABODa/kEnyeyjSaZO/GNvIsEINADqP/hMUHTHUbsUuIhqdw==}
    dependencies:
      reusify: ..
    dev: true

  /fill-range@..:
    resolution: {integrity: sha-qOoF+dMUmCLcbBbVvnKJxTPjCm+RRpegDuGrzkLmEVl/djYSuOdQPaNoqkSgirjaLWJUSVpQ==}
    engines: {node: '>='}
    dependencies:
      to-regex-range: ..
    dev: true

  /fs.realpath@..:
    resolution: {integrity: sha-OOpHlKahZnAdauItzHPIpUlvIjMVnxUQRtwowFwklOSabtGDCTPGgrgMbGnWOXKt+fGMDw==}
    dev: true

  /fsevents@..:
    resolution: {integrity: sha-xoDfX+fLfaATnagmWPpbFtwh/RWmMMqqHGSCvvBYHrgF+BYmZtMjnkXNoJwzlhffQw==}
    engines: {node: ^.. || ^.. || >=..}
    os: [darwin]
    requiresBuild: true
    dev: true
    optional: true

  /glob-parent@..:
    resolution: {integrity: sha-AOIgSQCepiJYwPARnGx+VnTuHBYdzbGPeLwvrzBvZLeyedsChnbcOc/SrMyMRPQrkGzaSZow==}
    engines: {node: '>= '}
    dependencies:
      is-glob: ..
    dev: true

  /glob@..:
    resolution: {integrity: sha-nFRzLpUYCaRxwoCJvLUvCHJFyFVIvwTLsIfAuHlMskAhhTdk+LlYJtOlYtvdvszDBGRqBL+iQKQ==}
    dependencies:
      fs.realpath: ..
      inflight: ..
      inherits: ..
      minimatch: ..
      once: ..
      path-is-absolute: ..
    dev: true

  /graceful-fs@..:
    resolution: {integrity: sha-RbJ/jmFcNNCcDVoeTnBLJ/HszWVPbc+FfnS/rJj+YaSIGyiOLVoBYX+lWrlkh/KrH+nhJXvQ==}
    dev: true

  /import-fresh@..:
    resolution: {integrity: sha-veYYhQa+DQBKznvhUHxbfaxlrwUnxseDAbApEwLNiobOSKnjYDhMj+YiAqxrMGhQkiXVkFzgQMw==}
    engines: {node: '>='}
    dependencies:
      parent-module: ..
      resolve-from: ..
    dev: true

  /inflight@..:
    resolution: {integrity: sha-kI/bqwvFscXCLvqfsHCrjrFyiXsQuIVvVENW+aqpzuUdBbfhWcy/FZR/IgflMgKLOsvPDrGCJA==}
    dependencies:
      once: ..
      wrappy: ..
    dev: true

  /inherits@..:
    resolution: {integrity: sha-k/vGaX/YlaWzyMCvTQOXYeIHvqOKtnqBduzTHpzpQZzAskKMhZK+EnBiSMzGSoIFeMpXKxadYeZIQqewQ==}
    dev: true

  /is-binary-path@..:
    resolution: {integrity: sha-ZMERYespDydyuGidseOsHxtbIWVeUEozgR/grdxUimYNlvZRE/KMgZTjWyIfelLeVcEMmmtRGXw==}
    engines: {node: '>='}
    dependencies:
      binary-extensions: ..
    dev: true

  /is-extglob@..:
    resolution: {integrity: sha-SbKbANkNVijEZvLeVJMnyGwsbzZworEoyEiutsNnJYdbOzfhGJQEDpOZIFkDtnqJRxmvljsoQ==}
    engines: {node: '>=..'}
    dev: true

  /is-glob@..:
    resolution: {integrity: sha-xelSayHHZgEZWhlipWhNbNlOjvKVmkJDhBdDthTfkvYasLM+mXWOZhFkgZfxhLSnrwRrelSSg==}
    engines: {node: '>=..'}
    dependencies:
      is-extglob: ..
    dev: true

  /is-number@..:
    resolution: {integrity: sha-CifkgeTylSpdtTpeLVMqvSBEVzTttHvERD+pnZANvMRLQKPDlKcGvNpNZWZUBlbGXYxxng==}
    engines: {node: '>=..'}
    dev: true

  /is-reference@..:
    resolution: {integrity: sha-vrht/LgVcsdZaONqs+NMowLOxeOmAy+/ARQF+qEoANRcqrjAZKGNvymUetZGgkpLTnGTHQoPg==}
    dependencies:
      '@types/estree': ..
    dev: true

  /kleur@..:
    resolution: {integrity: sha-o+NO+WrRiQEE/nwRJhNHWpVmJmpBHUxPLtpBUISzlBplORYSmTclCnJvQqtKu/sglxVpkcZWuQQ==}
    engines: {node: '>='}
    dev: true

  /locate-character@..:
    resolution: {integrity: sha-SWwsBjaeJpQCOnchbYEcXJWrmTTDtoyMPqVSZTUyYTjbid+AbgLnATtygYtiDIJGQRRnZOiA==}
    dev: true

  /magic-string@..:
    resolution: {integrity: sha-UnnXPeRAPZuNsvgRjMuWMovg/CEnIwIGLFkXSJJePdfUGiTGlVbsBHFUtfVINcSyYxdq+kxfA==}
    engines: {node: '>='}
    dependencies:
      '@jridgewell/sourcemap-codec': ..
    dev: true

  /magic-string@..:
    resolution: {integrity: sha-BxGbllfG/VjP+SWgsXJynwIUmjoTcMPpKNuIvftkuvqhDnkRbCGBRywqy+DcKBrevBg+bmw==}
    engines: {node: '>='}
    dependencies:
      '@jridgewell/sourcemap-codec': ..
    dev: true

  /mdn-data@..:
    resolution: {integrity: sha-GaqWWShWkv/GIEucWScBxG/vsFZZJUO+tDMJzKwRDQjaoZeYAClgeS/SWPOcbnkFBTEiDUEA==}
    dev: true

  /merge@..:
    resolution: {integrity: sha-qVEgMJWJtcfVPygNcQwZdbwFEqhe/WZkoIzjn/TGDwtOCYtXGxAOtPzpczCCDgv+PPyZJOOg==}
    engines: {node: '>= '}
    dev: true

  /micromatch@..:
    resolution: {integrity: sha-DMy+ERcEWqZPo+WNXuwcYaUSFjAOGsJqfElUjvtIuFKOZrKvcItdydwFINtgzNIdKaQT+aNdA==}
    engines: {node: '>=.'}
    dependencies:
      braces: ..
      picomatch: ..
    dev: true

  /min-indent@..:
    resolution: {integrity: sha-IjwMnSy/IwOjzVkVikJTvgpaykDZEigLRxNLbMywwUSMtxET+lVoDLLdOIXwJwvuunsUB/HeAg==}
    engines: {node: '>='}
    dev: true

  /minimatch@..:
    resolution: {integrity: sha-JphRiAjwNDEwwWi+ByIrOWOXQQAzZVOcLPNybwpfmV/NzFAzwQUSyEcXtUO+KaqBQOIHw==}
    dependencies:
      brace-expansion: ..
    dev: true

  /minimist@..:
    resolution: {integrity: sha-yyARqBkNYuheJanUpWCUbbosDywNBRzDVlDwDHbocAJveqqju+SVDjkWTyvsHCpWqqWqAxbzCA==}
    dev: true

  /mkdirp@..:
    resolution: {integrity: sha-FP+pRBOWpFYZBCrPgtADmtXApBAMLn+vdyA+PyxCjrCsmjyUozssOcwDeTwNGdLxJM//YqtHAJw==}
    hasBin: true
    dependencies:
      minimist: ..
    dev: true

  /mri@..:
    resolution: {integrity: sha-tzzskbbGLvYGFF/mDTpqjpIQwcLEmBaghu+DdCssdFakNBchVNmEyGqbqRgfkCbcmQLpNPOroA==}
    engines: {node: '>='}
    dev: true

  /ms@..:
    resolution: {integrity: sha-sGkPx+VjMtmAMXoAFBFELFCZZSXqeGOXCvtT+jbvk/RyaKWPPTKyWtmLSMb+adUTEvbsPEaHw==}
    dev: true

  /nanoid@..:
    resolution: {integrity: sha-BGcqMMJuToFirt+PWSNVnWIkGCUjBGRxO/bZlnZPKCmiQaffxGO/RvWisL+FAiRiXMgsyxQDIDA==}
    engines: {node: ^ || ^ || ^. || ^ || >=..}
    hasBin: true
    dev: true

  /normalize-path@..:
    resolution: {integrity: sha-eZsLsWtCisHWpSGUydqkpGiBVSzGaqiEezubESztXUwUBCIKbQkYPnb/mDWYojCRwcwLA==}
    engines: {node: '>=..'}
    dev: true

  /once@..:
    resolution: {integrity: sha-lNaJgI+QURQBkccEKHTQOPaXdUxnZZElQTZYMFUAuaEqeE+Nyvgdz/aIyNiZMzOdvHn/GELp+w==}
    dependencies:
      wrappy: ..
    dev: true

  /parent-module@..:
    resolution: {integrity: sha-GQEWRpQV/o+AwYqtfZZPfNRWZYkbidEkrpl/hCvtHHBfGmIfiqWV+coDGkrUKZAxELotkcsRlh+g==}
    engines: {node: '>='}
    dependencies:
      callsites: ..
    dev: true

  /path-is-absolute@..:
    resolution: {integrity: sha-AVbwUJebqvSaSAmfjePapbGqTTsmXfaIiMpnrDlDhfJOuLjSfZPVDAUerDfEkMPmPeUCQg==}
    engines: {node: '>=..'}
    dev: true

  /periscopic@..:
    resolution: {integrity: sha-vKiQRRtklP+r/+oefhCfhybptkHKCZSPlcXiJuxtJFGnEjBVnAgKfqNWWXXrxkHBwVPUfHopw==}
    dependencies:
      '@types/estree': ..
      estree-walker: ..
      is-reference: ..
    dev: true

  /picocolors@..:
    resolution: {integrity: sha-fygroTLlHuziVoTDvyRgmFccecssto+MhsZD/DGWsmEAjWNUVVTRtGxbeZqBuJr+HyLYkjQ==}
    dev: true

  /picomatch@..:
    resolution: {integrity: sha-JUteHTNjmEVCGFzuYEXzCDVwEqBafsIvwaStHhAWJEeVdoQDCU+ZdEXXSLbSsuLwJjkCBWqRQUVA==}
    engines: {node: '>=.'}
    dev: true

  /postcss@..:
    resolution: {integrity: sha-cbI+jaqIeu/VGqXEarWkRCCffhjgXcqjBtXpqJhTBohMUjUQnbBrxqXvEKudciviTewcJoajcec+wdJw==}
    engines: {node: ^ || ^ || >=}
    dependencies:
      nanoid: ..
      picocolors: ..
      source-map-js: ..
    dev: true

  /queue-microtask@..:
    resolution: {integrity: sha-NuaNSaflKTJaSYQzJokJzTLCAaGhvrfLWPgqA+MChpZQnAChiZFkBSXRqkDBHArhejKA==}
    dev: true

  /readdirp@..:
    resolution: {integrity: sha-hOSonRduqdbhvQZAESjsqzqnRcffsMUFuTdqSm+bhJJvIOsBDEEnanDPutToVRlMzA==}
    engines: {node: '>=..'}
    dependencies:
      picomatch: ..
    dev: true

  /resolve-from@..:
    resolution: {integrity: sha-pb/MYmXstAkysRFxpiNItGFNQIFAvkEGqEuAdFgHp/+vgZqsCGJapvyNQ+oFwvquPJcnZRYyg==}
    engines: {node: '>='}
    dev: true

  /reusify@..:
    resolution: {integrity: sha-UnHafc/ekCFl/UPIosiuIjyThhBvXVMHYgVcfGvtXgujUOLDeIBGm/uwyaLVTfbtCwTyzw==}
    engines: {iojs: '>=..'}, node: '>=..'}
    dev: true

  /rimraf@..:
    resolution: {integrity: sha-uWjbaKIKTOSVptzXNlPvQqAGtKEtVRjRuazjfLBxeIVZSqgND+UNnmzLVdPjFqFJNPqBZFvew==}
    hasBin: true
    dependencies:
      glob: ..
    dev: true

  /rollup@..:
    resolution: {integrity: sha-c+ebvQzVIHKhhCpDsI+BikeTZFEVZEYwcGMVqIPzc+gnwliXCamTwvzvMeuZFZfdxJJIq+ehzDlg==}
    engines: {node: '>=..'}, npm: '>=..'}
    hasBin: true
    optionalDependencies:
      fsevents: ..
    dev: true

  /run-parallel@..:
    resolution: {integrity: sha-lVyZRLZ/lDxZTRjqLAFESIFLMPAbjsLVADxHdhB/cGUsH+yUfCidzzOlQuPmnaJOMoDHQBA==}
    dependencies:
      queue-microtask: ..
    dev: true

  /sade@..:
    resolution: {integrity: sha-xalCZXXlo/kApwCFrHVACifBqJV+mwhBsuf/IOKbByFex+Wa/QMubwpSZ/uEYPWgevJsXpA==}
    engines: {node: '>='}
    dependencies:
      mri: ..
    dev: true

  /sander@..:
    resolution: {integrity: sha-lVqBirWuKDHGrKRDn/YekwpXaDOMsiRPwdwpZWgJhsbpRqQpAJG/P+pkXizygnrdKRvzWaVsfA==}
    dependencies:
      es-promise: ..
      graceful-fs: ..
      mkdirp: ..
      rimraf: ..
    dev: true

  /sorcery@..:
    resolution: {integrity: sha-JLQxrQBcIFJhPfgtLuIBpWRiWuYvSsIwK/eAScqJxd/+CJlUuHQRdXCNGFamq+KqNywGgaThwfHw==}
    hasBin: true
    dependencies:
      '@jridgewell/sourcemap-codec': ..
      buffer-crc: ..
      minimist: ..
      sander: ..
    dev: true

  /source-map-js@..:
    resolution: {integrity: sha-RXvVJWusLiqTCEiGCmICCMplcCkIwwRmOSDCRu+IXYdiseeEuXCVAjSzqwkLcPNnmUOeJtUrWhDw==}
    engines: {node: '>=..'}
    dev: true

  /strip-indent@..:
    resolution: {integrity: sha-laJTaJb+VQpaCDseHhFdXVqHTfJPCRDaEbid/drOhgitgYku/letMUqOXFoWVzIIUbjpdHt+tYjbQMRQ==}
    engines: {node: '>='}
    dependencies:
      min-indent: ..
    dev: true

  /svelte-check@..(svelte@..):
    resolution: {integrity: sha-OBlYZhzHQTkBMPSpsPioumTUyjJWmSacnIHXpWFmpGmdKvKFLVntAkfFHKoztHog==}
    hasBin: true
    peerDependencies:
      svelte: ^.. || ^..-next. || ^..
    dependencies:
      '@jridgewell/trace-mapping': ..
      chokidar: ..
      fast-glob: ..
      import-fresh: ..
      picocolors: ..
      sade: ..
      svelte: ..
      svelte-preprocess: ..(svelte@..)(typescript@..)
      typescript: ..
    transitivePeerDependencies:
      - '@babel/core'
      - coffeescript
      - less
      - postcss
      - postcss-load-config
      - pug
      - sass
      - stylus
      - sugarss
    dev: true

  /svelte-hmr@..(svelte@..):
    resolution: {integrity: sha-snaPswvSfTJUhlkoJBekRrABDXDMdpNpTtfHIvJuhgvHqLMhEPGtaQnBmbNSTkuzEdDFeHwSmBQ==}
    engines: {node: ^. || ^.. || >= }
    peerDependencies:
      svelte: ^.. || ^..
    dependencies:
      svelte: ..
    dev: true

  /svelte-preprocess@..(svelte@..)(typescript@..):
    resolution: {integrity: sha-ABiaQegosxOGsVlsSBJvoWeXywUKSfFSWJdTjLAbx/YSrVevvvbFNQqrSJw+lNSsMSipmZJSRiiw==}
    engines: {node: '>= ..'}
    requiresBuild: true
    peerDependencies:
      '@babel/core': ^..
      coffeescript: ^..
      less: ^.. || ^..
      postcss: ^ || ^
      postcss-load-config: ^.. || ^.. || ^..
      pug: ^..
      sass: ^..
      stylus: ^..
      sugarss: ^.. || ^.. || ^..
      svelte: ^.. || ^..-next. || ^..
      typescript: '>=.. || ^.. || ^..'
    peerDependenciesMeta:
      '@babel/core':
        optional: true
      coffeescript:
        optional: true
      less:
        optional: true
      postcss:
        optional: true
      postcss-load-config:
        optional: true
      pug:
        optional: true
      sass:
        optional: true
      stylus:
        optional: true
      sugarss:
        optional: true
      typescript:
        optional: true
    dependencies:
      '@types/pug': ..
      detect-indent: ..
      magic-string: ..
      sorcery: ..
      strip-indent: ..
      svelte: ..
      typescript: ..
    dev: true

  /svelte@..:
    resolution: {integrity: sha-PHKPWPwiWHBtsEnCbxiWBHt/KvijacXIxUMrepalOYoAtgWeGD++tFykrilOrPWmGDx+A==}
    engines: {node: '>='}
    dependencies:
      '@ampproject/remapping': ..
      '@jridgewell/sourcemap-codec': ..
      '@jridgewell/trace-mapping': ..
      acorn: ..
      aria-query: ..
      axobject-query: ..
      code-red: ..
      css-tree: ..
      estree-walker: ..
      is-reference: ..
      locate-character: ..
      magic-string: ..
      periscopic: ..
    dev: true

  /to-regex-range@..:
    resolution: {integrity: sha-PizXyErcwcgvQxbbIwUkgOydIdtZrDveLqhrdJP+Li/HxtyKNEb+GCyneCMJiGqrADCSNksQ==}
    engines: {node: '>=.'}
    dependencies:
      is-number: ..
    dev: true

  /tslib@..:
    resolution: {integrity: sha-AtWUettjcSRHXCyYtTselblcHlPJFFVKiCAy/bY+BPZXSQwbqPstKGdFQfNnlJnPAiArVBVBsfA==}
    dev: true

  /typescript@..:
    resolution: {integrity: sha-wVORMBGO/FAs/++blGNeAVdbNKtIhrbBLEyQ+JlClJKiiKePmFIVdXhHcyvSLoglmfeSsndojRw==}
    engines: {node: '>=.'}
    hasBin: true
    dev: true

  /typescript@..:
    resolution: {integrity: sha-mIWrpHsbCIcwTcFFZvrQUeKvsUsUvKDoR+X/XHQHxYDYHZgANtzGtZt/CBqQJthkGJMHfqcw==}
    engines: {node: '>=.'}
    hasBin: true
    dev: true

  /vite@..:
    resolution: {integrity: sha-mkEtAWHYrOFurZpCfOPsRGZlDTABUmQlpdqgVFROqGNCyqNHFuwrICNM+fDWRqFEKaA==}
    engines: {node: ^.. || >=..}
    hasBin: true
    peerDependencies:
      '@types/node': '>= '
      less: '*'
      lightningcss: ^..
      sass: '*'
      stylus: '*'
      sugarss: '*'
      terser: ^..
    peerDependenciesMeta:
      '@types/node':
        optional: true
      less:
        optional: true
      lightningcss:
        optional: true
      sass:
        optional: true
      stylus:
        optional: true
      sugarss:
        optional: true
      terser:
        optional: true
    dependencies:
      esbuild: ..
      postcss: ..
      rollup: ..
    optionalDependencies:
      fsevents: ..
    dev: true

  /vitefu@..(vite@..):
    resolution: {integrity: sha-fanAXjSafxXtOOenowZXIhgia+CZuryLsDaV++lSvcURChbPhPYFyoHW+wLqAeYRISVQjUIewg==}
    peerDependencies:
      vite: ^.. || ^..
    peerDependenciesMeta:
      vite:
        optional: true
    dependencies:
      vite: ..
    dev: true

  /wrappy@..:
    resolution: {integrity: sha-lSp/DRseorwLEvV+TuQndMkPjZ/spXkghTEbVKlPSxUsZu/IQOwxtcFBbgpQPRcRQCvezPcQ==}
    dev: true
